{
  "name": "parse_pixi",
  "version": "1.0.0",
  "lockfileVersion": 2,
  "requires": true,
  "packages": {
    "": {
      "name": "parse_pixi",
      "version": "1.0.0",
      "license": "ISC",
      "dependencies": {
        "csv-writer": "^1.6.0",
        "flatted": "^3.2.6",
        "fs-extra-promise": "^1.0.1"
      },
      "devDependencies": {
        "@types/fs-extra-promise": "^1.0.10",
        "@types/node": "^18.6.4"
      }
    },
    "node_modules/@types/bluebird": {
      "version": "3.5.36",
      "resolved": "https://registry.npmjs.org/@types/bluebird/-/bluebird-3.5.36.tgz",
      "integrity": "sha512-HBNx4lhkxN7bx6P0++W8E289foSu8kO8GCk2unhuVggO+cE7rh9DhZUyPhUxNRG9m+5B5BTKxZQ5ZP92x/mx9Q==",
      "dev": true
    },
    "node_modules/@types/fs-extra": {
      "version": "4.0.12",
      "resolved": "https://registry.npmjs.org/@types/fs-extra/-/fs-extra-4.0.12.tgz",
      "integrity": "sha512-alTHKMXq1kGPB9sddbbjJ4OJ9UJ/xiXaaoDzbLhontmlnZLwlJpvIUE8lI7YtcO45gcI9Cwt8hPfmU1rgmVHSQ==",
      "dev": true,
      "dependencies": {
        "@types/node": "*"
      }
    },
    "node_modules/@types/fs-extra-promise": {
      "version": "1.0.10",
      "resolved": "https://registry.npmjs.org/@types/fs-extra-promise/-/fs-extra-promise-1.0.10.tgz",
      "integrity": "sha512-3IzjwEjTeKZeD/GkmYwprZA2NdA/mrQjEmQj1PjbGuJ6PJj0HwIhv9ez8PTIkBssOYLlXAEQUsjJRp9wIXqZuQ==",
      "dev": true,
      "dependencies": {
        "@types/bluebird": "*",
        "@types/fs-extra": "^4",
        "@types/node": "*"
      }
    },
    "node_modules/@types/node": {
      "version": "18.6.4",
      "resolved": "https://registry.npmjs.org/@types/node/-/node-18.6.4.tgz",
      "integrity": "sha512-I4BD3L+6AWiUobfxZ49DlU43gtI+FTHSv9pE2Zekg6KjMpre4ByusaljW3vYSLJrvQ1ck1hUaeVu8HVlY3vzHg==",
      "dev": true
    },
    "node_modules/bluebird": {
      "version": "3.7.2",
      "resolved": "https://registry.npmjs.org/bluebird/-/bluebird-3.7.2.tgz",
      "integrity": "sha512-XpNj6GDQzdfW+r2Wnn7xiSAd7TM3jzkxGXBGTtWKuSXv1xUV+azxAm8jdWZN06QTQk+2N2XB9jRDkvbmQmcRtg=="
    },
    "node_modules/csv-writer": {
      "version": "1.6.0",
      "resolved": "https://registry.npmjs.org/csv-writer/-/csv-writer-1.6.0.tgz",
      "integrity": "sha512-NOx7YDFWEsM/fTRAJjRpPp8t+MKRVvniAg9wQlUKx20MFrPs73WLJhFf5iteqrxNYnsy924K3Iroh3yNHeYd2g=="
    },
    "node_modules/flatted": {
      "version": "3.2.6",
      "resolved": "https://registry.npmjs.org/flatted/-/flatted-3.2.6.tgz",
      "integrity": "sha512-0sQoMh9s0BYsm+12Huy/rkKxVu4R1+r96YX5cG44rHV0pQ6iC3Q+mkoMFaGWObMFYQxCVT+ssG1ksneA2MI9KQ=="
    },
    "node_modules/fs-extra": {
      "version": "2.1.2",
      "resolved": "https://registry.npmjs.org/fs-extra/-/fs-extra-2.1.2.tgz",
      "integrity": "sha512-9ztMtDZtSKC78V8mev+k31qaTabbmuH5jatdvPBMikrFHvw5BqlYnQIn/WGK3WHeRooSTkRvLa2IPlaHjPq5Sg==",
      "dependencies": {
        "graceful-fs": "^4.1.2",
        "jsonfile": "^2.1.0"
      }
    },
    "node_modules/fs-extra-promise": {
      "version": "1.0.1",
      "resolved": "https://registry.npmjs.org/fs-extra-promise/-/fs-extra-promise-1.0.1.tgz",
      "integrity": "sha512-cRYYkBgRgl6rOxSLw8IaxDj+5ZkbV/QNbt4LjrH7qFvJm3MIyKkgVH0nIKtm6+jxDXhdzLR5ePotDhQMm0sYjw==",
      "dependencies": {
        "bluebird": "^3.5.0",
        "fs-extra": "^2.1.2"
      },
      "engines": {
        "node": ">=4"
      }
    },
    "node_modules/graceful-fs": {
      "version": "4.2.10",
      "resolved": "https://registry.npmjs.org/graceful-fs/-/graceful-fs-4.2.10.tgz",
      "integrity": "sha512-9ByhssR2fPVsNZj478qUUbKfmL0+t5BDVyjShtyZZLiK7ZDAArFFfopyOTj0M05wE2tJPisA4iTnnXl2YoPvOA=="
    },
    "node_modules/jsonfile": {
      "version": "2.4.0",
      "resolved": "https://registry.npmjs.org/jsonfile/-/jsonfile-2.4.0.tgz",
      "integrity": "sha512-PKllAqbgLgxHaj8TElYymKCAgrASebJrWpTnEkOaTowt23VKXXN0sUeriJ+eh7y6ufb/CC5ap11pz71/cM0hUw==",
      "optionalDependencies": {
        "graceful-fs": "^4.1.6"
      }
    }
  },
  "dependencies": {
    "@types/bluebird": {
      "version": "3.5.36",
      "resolved": "https://registry.npmjs.org/@types/bluebird/-/bluebird-3.5.36.tgz",
      "integrity": "sha512-HBNx4lhkxN7bx6P0++W8E289foSu8kO8GCk2unhuVggO+cE7rh9DhZUyPhUxNRG9m+5B5BTKxZQ5ZP92x/mx9Q==",
      "dev": true
    },
    "@types/fs-extra": {
      "version": "4.0.12",
      "resolved": "https://registry.npmjs.org/@types/fs-extra/-/fs-extra-4.0.12.tgz",
      "integrity": "sha512-alTHKMXq1kGPB9sddbbjJ4OJ9UJ/xiXaaoDzbLhontmlnZLwlJpvIUE8lI7YtcO45gcI9Cwt8hPfmU1rgmVHSQ==",
      "dev": true,
      "requires": {
        "@types/node": "*"
      }
    },
    "@types/fs-extra-promise": {
      "version": "1.0.10",
      "resolved": "https://registry.npmjs.org/@types/fs-extra-promise/-/fs-extra-promise-1.0.10.tgz",
      "integrity": "sha512-3IzjwEjTeKZeD/GkmYwprZA2NdA/mrQjEmQj1PjbGuJ6PJj0HwIhv9ez8PTIkBssOYLlXAEQUsjJRp9wIXqZuQ==",
      "dev": true,
      "requires": {
        "@types/bluebird": "*",
        "@types/fs-extra": "^4",
        "@types/node": "*"
      }
    },
    "@types/node": {
      "version": "18.6.4",
      "resolved": "https://registry.npmjs.org/@types/node/-/node-18.6.4.tgz",
      "integrity": "sha512-I4BD3L+6AWiUobfxZ49DlU43gtI+FTHSv9pE2Zekg6KjMpre4ByusaljW3vYSLJrvQ1ck1hUaeVu8HVlY3vzHg==",
      "dev": true
    },
    "bluebird": {
      "version": "3.7.2",
      "resolved": "https://registry.npmjs.org/bluebird/-/bluebird-3.7.2.tgz",
      "integrity": "sha512-XpNj6GDQzdfW+r2Wnn7xiSAd7TM3jzkxGXBGTtWKuSXv1xUV+azxAm8jdWZN06QTQk+2N2XB9jRDkvbmQmcRtg=="
    },
    "csv-writer": {
      "version": "1.6.0",
      "resolved": "https://registry.npmjs.org/csv-writer/-/csv-writer-1.6.0.tgz",
      "integrity": "sha512-NOx7YDFWEsM/fTRAJjRpPp8t+MKRVvniAg9wQlUKx20MFrPs73WLJhFf5iteqrxNYnsy924K3Iroh3yNHeYd2g=="
    },
    "flatted": {
      "version": "3.2.6",
      "resolved": "https://registry.npmjs.org/flatted/-/flatted-3.2.6.tgz",
      "integrity": "sha512-0sQoMh9s0BYsm+12Huy/rkKxVu4R1+r96YX5cG44rHV0pQ6iC3Q+mkoMFaGWObMFYQxCVT+ssG1ksneA2MI9KQ=="
    },
    "fs-extra": {
      "version": "2.1.2",
      "resolved": "https://registry.npmjs.org/fs-extra/-/fs-extra-2.1.2.tgz",
      "integrity": "sha512-9ztMtDZtSKC78V8mev+k31qaTabbmuH5jatdvPBMikrFHvw5BqlYnQIn/WGK3WHeRooSTkRvLa2IPlaHjPq5Sg==",
      "requires": {
        "graceful-fs": "^4.1.2",
        "jsonfile": "^2.1.0"
      }
    },
    "fs-extra-promise": {
      "version": "1.0.1",
      "resolved": "https://registry.npmjs.org/fs-extra-promise/-/fs-extra-promise-1.0.1.tgz",
      "integrity": "sha512-cRYYkBgRgl6rOxSLw8IaxDj+5ZkbV/QNbt4LjrH7qFvJm3MIyKkgVH0nIKtm6+jxDXhdzLR5ePotDhQMm0sYjw==",
      "requires": {
        "bluebird": "^3.5.0",
        "fs-extra": "^2.1.2"
      }
    },
    "graceful-fs": {
      "version": "4.2.10",
      "resolved": "https://registry.npmjs.org/graceful-fs/-/graceful-fs-4.2.10.tgz",
      "integrity": "sha512-9ByhssR2fPVsNZj478qUUbKfmL0+t5BDVyjShtyZZLiK7ZDAArFFfopyOTj0M05wE2tJPisA4iTnnXl2YoPvOA=="
    },
    "jsonfile": {
      "version": "2.4.0",
      "resolved": "https://registry.npmjs.org/jsonfile/-/jsonfile-2.4.0.tgz",
      "integrity": "sha512-PKllAqbgLgxHaj8TElYymKCAgrASebJrWpTnEkOaTowt23VKXXN0sUeriJ+eh7y6ufb/CC5ap11pz71/cM0hUw==",
      "requires": {
        "graceful-fs": "^4.1.6"
      }
    }
  }
}
